
Microsoft Visual Studio Solution File, Format Version 12.00
# Visual Studio 14
VisualStudioVersion = 14.0.25420.1
MinimumVisualStudioVersion = 10.0.40219.1
Project("{FAE04EC0-301F-11D3-BF4B-00C04F79EFBC}") = "Comptroller.Core", "Comptroller.Core\Comptroller.Core.csproj", "{D306F505-1DF1-4D19-AA7D-68E2D72872BF}"
EndProject
Project("{FAE04EC0-301F-11D3-BF4B-00C04F79EFBC}") = "Comptroller.Tests", "Comptroller.Tests\Comptroller.Tests.csproj", "{8513911A-7AD3-40CA-8CC8-9086E81C9A08}"
EndProject
Project("{FAE04EC0-301F-11D3-BF4B-00C04F79EFBC}") = "Comptroller.Droid", "Comptroller.Droid\Comptroller.Droid.csproj", "{77698536-1494-4934-A4BB-B422ADCB1321}"
EndProject
Global
	GlobalSection(SolutionConfigurationPlatforms) = preSolution
		Debug|Any CPU = Debug|Any CPU
		Release|Any CPU = Release|Any CPU
	EndGlobalSection
	GlobalSection(ProjectConfigurationPlatforms) = postSolution
		{D306F505-1DF1-4D19-AA7D-68E2D72872BF}.Debug|Any CPU.ActiveCfg = Debug|Any CPU
		{D306F505-1DF1-4D19-AA7D-68E2D72872BF}.Debug|Any CPU.Build.0 = Debug|Any CPU
		{D306F505-1DF1-4D19-AA7D-68E2D72872BF}.Release|Any CPU.ActiveCfg = Release|Any CPU
		{D306F505-1DF1-4D19-AA7D-68E2D72872BF}.Release|Any CPU.Build.0 = Release|Any CPU
		{8513911A-7AD3-40CA-8CC8-9086E81C9A08}.Debug|Any CPU.ActiveCfg = Debug|Any CPU
		{8513911A-7AD3-40CA-8CC8-9086E81C9A08}.Debug|Any CPU.Build.0 = Debug|Any CPU
		{8513911A-7AD3-40CA-8CC8-9086E81C9A08}.Release|Any CPU.ActiveCfg = Release|Any CPU
		{8513911A-7AD3-40CA-8CC8-9086E81C9A08}.Release|Any CPU.Build.0 = Release|Any CPU
		{77698536-1494-4934-A4BB-B422ADCB1321}.Debug|Any CPU.ActiveCfg = Debug|Any CPU
		{77698536-1494-4934-A4BB-B422ADCB1321}.Debug|Any CPU.Build.0 = Debug|Any CPU
		{77698536-1494-4934-A4BB-B422ADCB1321}.Debug|Any CPU.Deploy.0 = Debug|Any CPU
		{77698536-1494-4934-A4BB-B422ADCB1321}.Release|Any CPU.ActiveCfg = Release|Any CPU
		{77698536-1494-4934-A4BB-B422ADCB1321}.Release|Any CPU.Build.0 = Release|Any CPU
		{77698536-1494-4934-A4BB-B422ADCB1321}.Release|Any CPU.Deploy.0 = Release|Any CPU
	EndGlobalSection
	GlobalSection(SolutionProperties) = preSolution
		HideSolutionNode = FALSE
	EndGlobalSection
EndGlobal
